# This file is automatically @generated by Cargo.
# It is not intended for manual editing.
version = 3

[[package]]
name = "heck"
version = "0.4.1"
source = "registry+https://github.com/rust-lang/crates.io-index"
checksum = "95505c38b4572b2d910cecb0281560f54b440a19336cbbcb27bf6ce6adc6f5a8"

[[package]]
name = "log"
version = "0.4.20"
source = "registry+https://github.com/rust-lang/crates.io-index"
checksum = "b5e6163cb8c49088c2c36f57875e58ccd8c87c7427f7fbd50ea6710b2f3f2e8f"

[[package]]
name = "proc-macro2"
version = "1.0.69"
source = "registry+https://github.com/rust-lang/crates.io-index"
checksum = "134c189feb4956b20f6f547d2cf727d4c0fe06722b20a0eec87ed445a97f92da"
dependencies = [
 "unicode-ident",
]

[[package]]
name = "quote"
version = "1.0.33"
source = "registry+https://github.com/rust-lang/crates.io-index"
checksum = "5267fca4496028628a95160fc423a33e8b2e6af8a5302579e322e4b520293cae"
dependencies = [
 "proc-macro2",
]

[[package]]
name = "syn"
version = "1.0.109"
source = "registry+https://github.com/rust-lang/crates.io-index"
checksum = "72b64191b275b66ffe2469e8af2c1cfe3bafa67b529ead792a6d0160888b4237"
dependencies = [
 "proc-macro2",
 "quote",
 "unicode-ident",
]

[[package]]
name = "unicode-ident"
version = "1.0.12"
source = "registry+https://github.com/rust-lang/crates.io-index"
checksum = "3354b9ac3fae1ff6755cb6db53683adb661634f67557942dea4facebec0fee4b"

[[package]]
name = "xml-rs"
version = "0.8.19"
source = "registry+https://github.com/rust-lang/crates.io-index"
checksum = "0fcb9cbac069e033553e8bb871be2fbdffcab578eb25bd0f7c508cedc6dcd75a"

[[package]]
name = "xsd"
version = "0.1.0"
dependencies = [
 "xml-rs",
 "yaserde",
 "yaserde_derive 0.8.0",
]

[[package]]
name = "yaserde"
version = "0.9.2"
source = "registry+https://github.com/rust-lang/crates.io-index"
checksum = "caef36c14c52a48ebefe7c55192eb2edbbe7e0e2ac3671b7dd713f8179056428"
dependencies = [
 "log",
 "xml-rs",
 "yaserde_derive 0.9.2",
]

[[package]]
name = "yaserde_derive"
version = "0.8.0"
source = "registry+https://github.com/rust-lang/crates.io-index"
checksum = "7ab8bd5c76eebb8380b26833d30abddbdd885b00dd06178412e0d51d5bfc221f"
dependencies = [
 "heck",
 "log",
 "proc-macro2",
 "quote",
 "syn",
 "xml-rs",
]

[[package]]
name = "yaserde_derive"
version = "0.9.2"
source = "registry+https://github.com/rust-lang/crates.io-index"
checksum = "ad72268af8b1cb89f8f53dec17b3c72277c19ba5492b50ffa829aebbf55a187f"
dependencies = [
 "heck",
 "log",
 "proc-macro2",
 "quote",
 "syn",
 "xml-rs",
]
